
Microsoft Visual Studio Solution File, Format Version 12.00
# Visual Studio 15
VisualStudioVersion = 15.0.27703.2018
MinimumVisualStudioVersion = 10.0.40219.1
Project("{FAE04EC0-301F-11D3-BF4B-00C04F79EFBC}") = "program1", "program1\program1.csproj", "{F3E2BB2B-E2E8-46FF-B54F-4673AAF265E9}"
EndProject
Global
	GlobalSection(SolutionConfigurationPlatforms) = preSolution
		Debug|Any CPU = Debug|Any CPU
		Release|Any CPU = Release|Any CPU
	EndGlobalSection
	GlobalSection(ProjectConfigurationPlatforms) = postSolution
		{F3E2BB2B-E2E8-46FF-B54F-4673AAF265E9}.Debug|Any CPU.ActiveCfg = Debug|Any CPU
		{F3E2BB2B-E2E8-46FF-B54F-4673AAF265E9}.Debug|Any CPU.Build.0 = Debug|Any CPU
		{F3E2BB2B-E2E8-46FF-B54F-4673AAF265E9}.Release|Any CPU.ActiveCfg = Release|Any CPU
		{F3E2BB2B-E2E8-46FF-B54F-4673AAF265E9}.Release|Any CPU.Build.0 = Release|Any CPU
	EndGlobalSection
	GlobalSection(SolutionProperties) = preSolution
		HideSolutionNode = FALSE
	EndGlobalSection
	GlobalSection(ExtensibilityGlobals) = postSolution
		SolutionGuid = {839831FC-88BF-4775-9648-371C4CCF94A7}
	EndGlobalSection
EndGlobal
